
Microsoft Visual Studio Solution File, Format Version 12.00
# Visual Studio Version 16
VisualStudioVersion = 16.0.29519.87
MinimumVisualStudioVersion = 10.0.40219.1
Project("{FAE04EC0-301F-11D3-BF4B-00C04F79EFBC}") = "Dashboard", "Dashboard.csproj", "{4DBABD79-8FDD-487E-BC8D-620AD177D5FD}"
EndProject
Global
	GlobalSection(SolutionConfigurationPlatforms) = preSolution
		Debug|Any CPU = Debug|Any CPU
		Release|Any CPU = Release|Any CPU
	EndGlobalSection
	GlobalSection(ProjectConfigurationPlatforms) = postSolution
		{4DBABD79-8FDD-487E-BC8D-620AD177D5FD}.Debug|Any CPU.ActiveCfg = Debug|Any CPU
		{4DBABD79-8FDD-487E-BC8D-620AD177D5FD}.Debug|Any CPU.Build.0 = Debug|Any CPU
		{4DBABD79-8FDD-487E-BC8D-620AD177D5FD}.Release|Any CPU.ActiveCfg = Release|Any CPU
		{4DBABD79-8FDD-487E-BC8D-620AD177D5FD}.Release|Any CPU.Build.0 = Release|Any CPU
	EndGlobalSection
	GlobalSection(SolutionProperties) = preSolution
		HideSolutionNode = FALSE
	EndGlobalSection
	GlobalSection(ExtensibilityGlobals) = postSolution
		SolutionGuid = {E2160CEB-375C-41D6-9C77-C88AD19A2229}
	EndGlobalSection
EndGlobal
